
Microsoft Visual Studio Solution File, Format Version 12.00
# Visual Studio Version 17
VisualStudioVersion = 17.6.33815.320
MinimumVisualStudioVersion = 10.0.40219.1
Project("{9A19103F-16F7-4668-BE54-9A1E7A4F7556}") = "RabbitMQ.Client1", "RabbitMQ.Client1.csproj", "{E9ED53AA-0643-43B9-8050-73109B3A180D}"
EndProject
Project("{9A19103F-16F7-4668-BE54-9A1E7A4F7556}") = "RabbitMQ.Consumer.Console", "..\RabbitMQ.Consumer.Console\RabbitMQ.Consumer.Console.csproj", "{85E01DC6-5A21-4EB1-874A-FB5FD96E1FB8}"
EndProject
Project("{FAE04EC0-301F-11D3-BF4B-00C04F79EFBC}") = "RabbitMQ.Producer1", "..\RabbitMQ.Producer1\RabbitMQ.Producer1.csproj", "{37C76942-D3F5-449D-B84D-BDFF46A07E8F}"
EndProject
Project("{FAE04EC0-301F-11D3-BF4B-00C04F79EFBC}") = "RabbitMQ.Producer2", "..\Rabbit.Producer2\RabbitMQ.Producer2.csproj", "{189831ED-1CA8-4C94-82C1-E8CC54B95EF2}"
EndProject
Project("{FAE04EC0-301F-11D3-BF4B-00C04F79EFBC}") = "RabbitMQ.Producer3", "..\RabbitMQ.Producer3\RabbitMQ.Producer3.csproj", "{07FB6E51-A3BA-48F7-8370-BDC41DB7285E}"
EndProject
Global
	GlobalSection(SolutionConfigurationPlatforms) = preSolution
		Debug|Any CPU = Debug|Any CPU
		Release|Any CPU = Release|Any CPU
	EndGlobalSection
	GlobalSection(ProjectConfigurationPlatforms) = postSolution
		{E9ED53AA-0643-43B9-8050-73109B3A180D}.Debug|Any CPU.ActiveCfg = Debug|Any CPU
		{E9ED53AA-0643-43B9-8050-73109B3A180D}.Debug|Any CPU.Build.0 = Debug|Any CPU
		{E9ED53AA-0643-43B9-8050-73109B3A180D}.Release|Any CPU.ActiveCfg = Release|Any CPU
		{E9ED53AA-0643-43B9-8050-73109B3A180D}.Release|Any CPU.Build.0 = Release|Any CPU
		{85E01DC6-5A21-4EB1-874A-FB5FD96E1FB8}.Debug|Any CPU.ActiveCfg = Debug|Any CPU
		{85E01DC6-5A21-4EB1-874A-FB5FD96E1FB8}.Debug|Any CPU.Build.0 = Debug|Any CPU
		{85E01DC6-5A21-4EB1-874A-FB5FD96E1FB8}.Release|Any CPU.ActiveCfg = Release|Any CPU
		{85E01DC6-5A21-4EB1-874A-FB5FD96E1FB8}.Release|Any CPU.Build.0 = Release|Any CPU
		{37C76942-D3F5-449D-B84D-BDFF46A07E8F}.Debug|Any CPU.ActiveCfg = Debug|Any CPU
		{37C76942-D3F5-449D-B84D-BDFF46A07E8F}.Debug|Any CPU.Build.0 = Debug|Any CPU
		{37C76942-D3F5-449D-B84D-BDFF46A07E8F}.Release|Any CPU.ActiveCfg = Release|Any CPU
		{37C76942-D3F5-449D-B84D-BDFF46A07E8F}.Release|Any CPU.Build.0 = Release|Any CPU
		{189831ED-1CA8-4C94-82C1-E8CC54B95EF2}.Debug|Any CPU.ActiveCfg = Debug|Any CPU
		{189831ED-1CA8-4C94-82C1-E8CC54B95EF2}.Debug|Any CPU.Build.0 = Debug|Any CPU
		{189831ED-1CA8-4C94-82C1-E8CC54B95EF2}.Release|Any CPU.ActiveCfg = Release|Any CPU
		{189831ED-1CA8-4C94-82C1-E8CC54B95EF2}.Release|Any CPU.Build.0 = Release|Any CPU
		{07FB6E51-A3BA-48F7-8370-BDC41DB7285E}.Debug|Any CPU.ActiveCfg = Debug|Any CPU
		{07FB6E51-A3BA-48F7-8370-BDC41DB7285E}.Debug|Any CPU.Build.0 = Debug|Any CPU
		{07FB6E51-A3BA-48F7-8370-BDC41DB7285E}.Release|Any CPU.ActiveCfg = Release|Any CPU
		{07FB6E51-A3BA-48F7-8370-BDC41DB7285E}.Release|Any CPU.Build.0 = Release|Any CPU
	EndGlobalSection
	GlobalSection(SolutionProperties) = preSolution
		HideSolutionNode = FALSE
	EndGlobalSection
	GlobalSection(ExtensibilityGlobals) = postSolution
		SolutionGuid = {FC69B194-45A6-46CF-8270-A970859A39EE}
	EndGlobalSection
EndGlobal
