
Microsoft Visual Studio Solution File, Format Version 12.00
# Visual Studio Version 17
VisualStudioVersion = 17.6.33815.320
MinimumVisualStudioVersion = 10.0.40219.1
Project("{9A19103F-16F7-4668-BE54-9A1E7A4F7556}") = "RabbitMQAPI", "RabbitMQAPI.csproj", "{51FB6FE5-4380-43B5-A8E1-E051F65B32F0}"
EndProject
Project("{9A19103F-16F7-4668-BE54-9A1E7A4F7556}") = "RabbitMQWeb", "..\RabbitMQWeb\RabbitMQWeb.csproj", "{3A462FA4-4BD0-4F3F-9760-C71B800B71BC}"
EndProject
Global
	GlobalSection(SolutionConfigurationPlatforms) = preSolution
		Debug|Any CPU = Debug|Any CPU
		Release|Any CPU = Release|Any CPU
	EndGlobalSection
	GlobalSection(ProjectConfigurationPlatforms) = postSolution
		{51FB6FE5-4380-43B5-A8E1-E051F65B32F0}.Debug|Any CPU.ActiveCfg = Debug|Any CPU
		{51FB6FE5-4380-43B5-A8E1-E051F65B32F0}.Debug|Any CPU.Build.0 = Debug|Any CPU
		{51FB6FE5-4380-43B5-A8E1-E051F65B32F0}.Release|Any CPU.ActiveCfg = Release|Any CPU
		{51FB6FE5-4380-43B5-A8E1-E051F65B32F0}.Release|Any CPU.Build.0 = Release|Any CPU
		{3A462FA4-4BD0-4F3F-9760-C71B800B71BC}.Debug|Any CPU.ActiveCfg = Debug|Any CPU
		{3A462FA4-4BD0-4F3F-9760-C71B800B71BC}.Debug|Any CPU.Build.0 = Debug|Any CPU
		{3A462FA4-4BD0-4F3F-9760-C71B800B71BC}.Release|Any CPU.ActiveCfg = Release|Any CPU
		{3A462FA4-4BD0-4F3F-9760-C71B800B71BC}.Release|Any CPU.Build.0 = Release|Any CPU
	EndGlobalSection
	GlobalSection(SolutionProperties) = preSolution
		HideSolutionNode = FALSE
	EndGlobalSection
	GlobalSection(ExtensibilityGlobals) = postSolution
		SolutionGuid = {27B0178A-E5A5-4C90-9106-6EFA14C43860}
	EndGlobalSection
EndGlobal
